// !$*UTF8*$!
{
	archiveVersion = 1;
	classes = {
	};
	objectVersion = 48;
	objects = {

/* Begin PBXBuildFile section */
		C41BA02A1FBECFBD00274AEA /* UIViewController+extension.m in Sources */ = {isa = PBXBuildFile; fileRef = C41BA0291FBECFBD00274AEA /* UIViewController+extension.m */; };
		C41F06E31FBD2CEC00AC378D /* AppDelegate.m in Sources */ = {isa = PBXBuildFile; fileRef = C41F06E21FBD2CEC00AC378D /* AppDelegate.m */; };
		C41F06E61FBD2CEC00AC378D /* ViewController.m in Sources */ = {isa = PBXBuildFile; fileRef = C41F06E51FBD2CEC00AC378D /* ViewController.m */; };
		C41F06E91FBD2CEC00AC378D /* Main.storyboard in Resources */ = {isa = PBXBuildFile; fileRef = C41F06E71FBD2CEC00AC378D /* Main.storyboard */; };
		C41F06EB1FBD2CEC00AC378D /* Assets.xcassets in Resources */ = {isa = PBXBuildFile; fileRef = C41F06EA1FBD2CEC00AC378D /* Assets.xcassets */; };
		C41F06EE1FBD2CEC00AC378D /* LaunchScreen.storyboard in Resources */ = {isa = PBXBuildFile; fileRef = C41F06EC1FBD2CEC00AC378D /* LaunchScreen.storyboard */; };
		C41F06F11FBD2CEC00AC378D /* main.m in Sources */ = {isa = PBXBuildFile; fileRef = C41F06F01FBD2CEC00AC378D /* main.m */; };
		C41F06FA1FBD2D2E00AC378D /* NSString+extension.m in Sources */ = {isa = PBXBuildFile; fileRef = C41F06F91FBD2D2E00AC378D /* NSString+extension.m */; };
		C41F06FD1FBD2DBA00AC378D /* NSDate+extension.m in Sources */ = {isa = PBXBuildFile; fileRef = C41F06FC1FBD2DBA00AC378D /* NSDate+extension.m */; };
		C41F07001FBD2DD200AC378D /* UILabel+extension.m in Sources */ = {isa = PBXBuildFile; fileRef = C41F06FF1FBD2DD200AC378D /* UILabel+extension.m */; };
		C41F07031FBD2DE500AC378D /* UIColor+extension.m in Sources */ = {isa = PBXBuildFile; fileRef = C41F07021FBD2DE500AC378D /* UIColor+extension.m */; };
		C41F07061FBD2DFB00AC378D /* UIFont+extension.m in Sources */ = {isa = PBXBuildFile; fileRef = C41F07051FBD2DFB00AC378D /* UIFont+extension.m */; };
/* End PBXBuildFile section */

/* Begin PBXFileReference section */
		C41BA0281FBECFBD00274AEA /* UIViewController+extension.h */ = {isa = PBXFileReference; lastKnownFileType = sourcecode.c.h; path = "UIViewController+extension.h"; sourceTree = "<group>"; };
		C41BA0291FBECFBD00274AEA /* UIViewController+extension.m */ = {isa = PBXFileReference; lastKnownFileType = sourcecode.c.objc; path = "UIViewController+extension.m"; sourceTree = "<group>"; };
		C41F06DE1FBD2CEC00AC378D /* Utilities.app */ = {isa = PBXFileReference; explicitFileType = wrapper.application; includeInIndex = 0; path = Utilities.app; sourceTree = BUILT_PRODUCTS_DIR; };
		C41F06E11FBD2CEC00AC378D /* AppDelegate.h */ = {isa = PBXFileReference; lastKnownFileType = sourcecode.c.h; path = AppDelegate.h; sourceTree = "<group>"; };
		C41F06E21FBD2CEC00AC378D /* AppDelegate.m */ = {isa = PBXFileReference; lastKnownFileType = sourcecode.c.objc; path = AppDelegate.m; sourceTree = "<group>"; };
		C41F06E41FBD2CEC00AC378D /* ViewController.h */ = {isa = PBXFileReference; lastKnownFileType = sourcecode.c.h; path = ViewController.h; sourceTree = "<group>"; };
		C41F06E51FBD2CEC00AC378D /* ViewController.m */ = {isa = PBXFileReference; lastKnownFileType = sourcecode.c.objc; path = ViewController.m; sourceTree = "<group>"; };
		C41F06E81FBD2CEC00AC378D /* Base */ = {isa = PBXFileReference; lastKnownFileType = file.storyboard; name = Base; path = Base.lproj/Main.storyboard; sourceTree = "<group>"; };
		C41F06EA1FBD2CEC00AC378D /* Assets.xcassets */ = {isa = PBXFileReference; lastKnownFileType = folder.assetcatalog; path = Assets.xcassets; sourceTree = "<group>"; };
		C41F06ED1FBD2CEC00AC378D /* Base */ = {isa = PBXFileReference; lastKnownFileType = file.storyboard; name = Base; path = Base.lproj/LaunchScreen.storyboard; sourceTree = "<group>"; };
		C41F06EF1FBD2CEC00AC378D /* Info.plist */ = {isa = PBXFileReference; lastKnownFileType = text.plist.xml; path = Info.plist; sourceTree = "<group>"; };
		C41F06F01FBD2CEC00AC378D /* main.m */ = {isa = PBXFileReference; lastKnownFileType = sourcecode.c.objc; path = main.m; sourceTree = "<group>"; };
		C41F06F81FBD2D2E00AC378D /* NSString+extension.h */ = {isa = PBXFileReference; lastKnownFileType = sourcecode.c.h; path = "NSString+extension.h"; sourceTree = "<group>"; };
		C41F06F91FBD2D2E00AC378D /* NSString+extension.m */ = {isa = PBXFileReference; lastKnownFileType = sourcecode.c.objc; path = "NSString+extension.m"; sourceTree = "<group>"; };
		C41F06FB1FBD2DBA00AC378D /* NSDate+extension.h */ = {isa = PBXFileReference; lastKnownFileType = sourcecode.c.h; path = "NSDate+extension.h"; sourceTree = "<group>"; };
		C41F06FC1FBD2DBA00AC378D /* NSDate+extension.m */ = {isa = PBXFileReference; lastKnownFileType = sourcecode.c.objc; path = "NSDate+extension.m"; sourceTree = "<group>"; };
		C41F06FE1FBD2DD200AC378D /* UILabel+extension.h */ = {isa = PBXFileReference; lastKnownFileType = sourcecode.c.h; path = "UILabel+extension.h"; sourceTree = "<group>"; };
		C41F06FF1FBD2DD200AC378D /* UILabel+extension.m */ = {isa = PBXFileReference; lastKnownFileType = sourcecode.c.objc; path = "UILabel+extension.m"; sourceTree = "<group>"; };
		C41F07011FBD2DE500AC378D /* UIColor+extension.h */ = {isa = PBXFileReference; lastKnownFileType = sourcecode.c.h; path = "UIColor+extension.h"; sourceTree = "<group>"; };
		C41F07021FBD2DE500AC378D /* UIColor+extension.m */ = {isa = PBXFileReference; lastKnownFileType = sourcecode.c.objc; path = "UIColor+extension.m"; sourceTree = "<group>"; };
		C41F07041FBD2DFB00AC378D /* UIFont+extension.h */ = {isa = PBXFileReference; lastKnownFileType = sourcecode.c.h; path = "UIFont+extension.h"; sourceTree = "<group>"; };
		C41F07051FBD2DFB00AC378D /* UIFont+extension.m */ = {isa = PBXFileReference; lastKnownFileType = sourcecode.c.objc; path = "UIFont+extension.m"; sourceTree = "<group>"; };
/* End PBXFileReference section */

/* Begin PBXFrameworksBuildPhase section */
		C41F06DB1FBD2CEC00AC378D /* Frameworks */ = {
			isa = PBXFrameworksBuildPhase;
			buildActionMask = 2147483647;
			files = (
			);
			runOnlyForDeploymentPostprocessing = 0;
		};
/* End PBXFrameworksBuildPhase section */

/* Begin PBXGroup section */
		C41F06D51FBD2CEC00AC378D = {
			isa = PBXGroup;
			children = (
				C41F06E01FBD2CEC00AC378D /* Utilities */,
				C41F06DF1FBD2CEC00AC378D /* Products */,
			);
			sourceTree = "<group>";
		};
		C41F06DF1FBD2CEC00AC378D /* Products */ = {
			isa = PBXGroup;
			children = (
				C41F06DE1FBD2CEC00AC378D /* Utilities.app */,
			);
			name = Products;
			sourceTree = "<group>";
		};
		C41F06E01FBD2CEC00AC378D /* Utilities */ = {
			isa = PBXGroup;
			children = (
				C41F06F71FBD2CFA00AC378D /* Utilities */,
				C41F06E11FBD2CEC00AC378D /* AppDelegate.h */,
				C41F06E21FBD2CEC00AC378D /* AppDelegate.m */,
				C41F06E41FBD2CEC00AC378D /* ViewController.h */,
				C41F06E51FBD2CEC00AC378D /* ViewController.m */,
				C41F06E71FBD2CEC00AC378D /* Main.storyboard */,
				C41F06EA1FBD2CEC00AC378D /* Assets.xcassets */,
				C41F06EC1FBD2CEC00AC378D /* LaunchScreen.storyboard */,
				C41F06EF1FBD2CEC00AC378D /* Info.plist */,
				C41F06F01FBD2CEC00AC378D /* main.m */,
			);
			path = Utilities;
			sourceTree = "<group>";
		};
		C41F06F71FBD2CFA00AC378D /* Utilities */ = {
			isa = PBXGroup;
			children = (
				C41F06F81FBD2D2E00AC378D /* NSString+extension.h */,
				C41F06F91FBD2D2E00AC378D /* NSString+extension.m */,
				C41F06FB1FBD2DBA00AC378D /* NSDate+extension.h */,
				C41F06FC1FBD2DBA00AC378D /* NSDate+extension.m */,
				C41F06FE1FBD2DD200AC378D /* UILabel+extension.h */,
				C41F06FF1FBD2DD200AC378D /* UILabel+extension.m */,
				C41F07011FBD2DE500AC378D /* UIColor+extension.h */,
				C41F07021FBD2DE500AC378D /* UIColor+extension.m */,
				C41F07041FBD2DFB00AC378D /* UIFont+extension.h */,
				C41F07051FBD2DFB00AC378D /* UIFont+extension.m */,
				C41BA0281FBECFBD00274AEA /* UIViewController+extension.h */,
				C41BA0291FBECFBD00274AEA /* UIViewController+extension.m */,
			);
			path = Utilities;
			sourceTree = "<group>";
		};
/* End PBXGroup section */

/* Begin PBXNativeTarget section */
		C41F06DD1FBD2CEC00AC378D /* Utilities */ = {
			isa = PBXNativeTarget;
			buildConfigurationList = C41F06F41FBD2CEC00AC378D /* Build configuration list for PBXNativeTarget "Utilities" */;
			buildPhases = (
				C41F06DA1FBD2CEC00AC378D /* Sources */,
				C41F06DB1FBD2CEC00AC378D /* Frameworks */,
				C41F06DC1FBD2CEC00AC378D /* Resources */,
			);
			buildRules = (
			);
			dependencies = (
			);
			name = Utilities;
			productName = Utilities;
			productReference = C41F06DE1FBD2CEC00AC378D /* Utilities.app */;
			productType = "com.apple.product-type.application";
		};
/* End PBXNativeTarget section */

/* Begin PBXProject section */
		C41F06D61FBD2CEC00AC378D /* Project object */ = {
			isa = PBXProject;
			attributes = {
				LastUpgradeCheck = 0910;
				ORGANIZATIONNAME = khuat.van.dung;
				TargetAttributes = {
					C41F06DD1FBD2CEC00AC378D = {
						CreatedOnToolsVersion = 9.1;
						ProvisioningStyle = Automatic;
					};
				};
			};
			buildConfigurationList = C41F06D91FBD2CEC00AC378D /* Build configuration list for PBXProject "Utilities" */;
			compatibilityVersion = "Xcode 8.0";
			developmentRegion = en;
			hasScannedForEncodings = 0;
			knownRegions = (
				en,
				Base,
			);
			mainGroup = C41F06D51FBD2CEC00AC378D;
			productRefGroup = C41F06DF1FBD2CEC00AC378D /* Products */;
			projectDirPath = "";
			projectRoot = "";
			targets = (
				C41F06DD1FBD2CEC00AC378D /* Utilities */,
			);
		};
/* End PBXProject section */

/* Begin PBXResourcesBuildPhase section */
		C41F06DC1FBD2CEC00AC378D /* Resources */ = {
			isa = PBXResourcesBuildPhase;
			buildActionMask = 2147483647;
			files = (
				C41F06EE1FBD2CEC00AC378D /* LaunchScreen.storyboard in Resources */,
				C41F06EB1FBD2CEC00AC378D /* Assets.xcassets in Resources */,
				C41F06E91FBD2CEC00AC378D /* Main.storyboard in Resources */,
			);
			runOnlyForDeploymentPostprocessing = 0;
		};
/* End PBXResourcesBuildPhase section */

/* Begin PBXSourcesBuildPhase section */
		C41F06DA1FBD2CEC00AC378D /* Sources */ = {
			isa = PBXSourcesBuildPhase;
			buildActionMask = 2147483647;
			files = (
				C41F07031FBD2DE500AC378D /* UIColor+extension.m in Sources */,
				C41F07001FBD2DD200AC378D /* UILabel+extension.m in Sources */,
				C41BA02A1FBECFBD00274AEA /* UIViewController+extension.m in Sources */,
				C41F07061FBD2DFB00AC378D /* UIFont+extension.m in Sources */,
				C41F06E61FBD2CEC00AC378D /* ViewController.m in Sources */,
				C41F06FD1FBD2DBA00AC378D /* NSDate+extension.m in Sources */,
				C41F06F11FBD2CEC00AC378D /* main.m in Sources */,
				C41F06E31FBD2CEC00AC378D /* AppDelegate.m in Sources */,
				C41F06FA1FBD2D2E00AC378D /* NSString+extension.m in Sources */,
			);
			runOnlyForDeploymentPostprocessing = 0;
		};
/* End PBXSourcesBuildPhase section */

/* Begin PBXVariantGroup section */
		C41F06E71FBD2CEC00AC378D /* Main.storyboard */ = {
			isa = PBXVariantGroup;
			children = (
				C41F06E81FBD2CEC00AC378D /* Base */,
			);
			name = Main.storyboard;
			sourceTree = "<group>";
		};
		C41F06EC1FBD2CEC00AC378D /* LaunchScreen.storyboard */ = {
			isa = PBXVariantGroup;
			children = (
				C41F06ED1FBD2CEC00AC378D /* Base */,
			);
			name = LaunchScreen.storyboard;
			sourceTree = "<group>";
		};
/* End PBXVariantGroup section */

/* Begin XCBuildConfiguration section */
		C41F06F21FBD2CEC00AC378D /* Debug */ = {
			isa = XCBuildConfiguration;
			buildSettings = {
				ALWAYS_SEARCH_USER_PATHS = NO;
				CLANG_ANALYZER_NONNULL = YES;
				CLANG_ANALYZER_NUMBER_OBJECT_CONVERSION = YES_AGGRESSIVE;
				CLANG_CXX_LANGUAGE_STANDARD = "gnu++14";
				CLANG_CXX_LIBRARY = "libc++";
				CLANG_ENABLE_MODULES = YES;
				CLANG_ENABLE_OBJC_ARC = YES;
				CLANG_WARN_BLOCK_CAPTURE_AUTORELEASING = YES;
				CLANG_WARN_BOOL_CONVERSION = YES;
				CLANG_WARN_COMMA = YES;
				CLANG_WARN_CONSTANT_CONVERSION = YES;
				CLANG_WARN_DIRECT_OBJC_ISA_USAGE = YES_ERROR;
				CLANG_WARN_DOCUMENTATION_COMMENTS = YES;
				CLANG_WARN_EMPTY_BODY = YES;
				CLANG_WARN_ENUM_CONVERSION = YES;
				CLANG_WARN_INFINITE_RECURSION = YES;
				CLANG_WARN_INT_CONVERSION = YES;
				CLANG_WARN_NON_LITERAL_NULL_CONVERSION = YES;
				CLANG_WARN_OBJC_LITERAL_CONVERSION = YES;
				CLANG_WARN_OBJC_ROOT_CLASS = YES_ERROR;
				CLANG_WARN_RANGE_LOOP_ANALYSIS = YES;
				CLANG_WARN_STRICT_PROTOTYPES = YES;
				CLANG_WARN_SUSPICIOUS_MOVE = YES;
				CLANG_WARN_UNGUARDED_AVAILABILITY = YES_AGGRESSIVE;
				CLANG_WARN_UNREACHABLE_CODE = YES;
				CLANG_WARN__DUPLICATE_METHOD_MATCH = YES;
				CODE_SIGN_IDENTITY = "iPhone Developer";
				COPY_PHASE_STRIP = NO;
				DEBUG_INFORMATION_FORMAT = dwarf;
				ENABLE_STRICT_OBJC_MSGSEND = YES;
				ENABLE_TESTABILITY = YES;
				GCC_C_LANGUAGE_STANDARD = gnu11;
				GCC_DYNAMIC_NO_PIC = NO;
				GCC_NO_COMMON_BLOCKS = YES;
				GCC_OPTIMIZATION_LEVEL = 0;
				GCC_PREPROCESSOR_DEFINITIONS = (
					"DEBUG=1",
					"$(inherited)",
				);
				GCC_WARN_64_TO_32_BIT_CONVERSION = YES;
				GCC_WARN_ABOUT_RETURN_TYPE = YES_ERROR;
				GCC_WARN_UNDECLARED_SELECTOR = YES;
				GCC_WARN_UNINITIALIZED_AUTOS = YES_AGGRESSIVE;
				GCC_WARN_UNUSED_FUNCTION = YES;
				GCC_WARN_UNUSED_VARIABLE = YES;
				IPHONEOS_DEPLOYMENT_TARGET = 11.1;
				MTL_ENABLE_DEBUG_INFO = YES;
				ONLY_ACTIVE_ARCH = YES;
				SDKROOT = iphoneos;
			};
			name = Debug;
		};
		C41F06F31FBD2CEC00AC378D /* Release */ = {
			isa = XCBuildConfiguration;
			buildSettings = {
				ALWAYS_SEARCH_USER_PATHS = NO;
				CLANG_ANALYZER_NONNULL = YES;
				CLANG_ANALYZER_NUMBER_OBJECT_CONVERSION = YES_AGGRESSIVE;
				CLANG_CXX_LANGUAGE_STANDARD = "gnu++14";
				CLANG_CXX_LIBRARY = "libc++";
				CLANG_ENABLE_MODULES = YES;
				CLANG_ENABLE_OBJC_ARC = YES;
				CLANG_WARN_BLOCK_CAPTURE_AUTORELEASING = YES;
				CLANG_WARN_BOOL_CONVERSION = YES;
				CLANG_WARN_COMMA = YES;
				CLANG_WARN_CONSTANT_CONVERSION = YES;
				CLANG_WARN_DIRECT_OBJC_ISA_USAGE = YES_ERROR;
				CLANG_WARN_DOCUMENTATION_COMMENTS = YES;
				CLANG_WARN_EMPTY_BODY = YES;
				CLANG_WARN_ENUM_CONVERSION = YES;
				CLANG_WARN_INFINITE_RECURSION = YES;
				CLANG_WARN_INT_CONVERSION = YES;
				CLANG_WARN_NON_LITERAL_NULL_CONVERSION = YES;
				CLANG_WARN_OBJC_LITERAL_CONVERSION = YES;
				CLANG_WARN_OBJC_ROOT_CLASS = YES_ERROR;
				CLANG_WARN_RANGE_LOOP_ANALYSIS = YES;
				CLANG_WARN_STRICT_PROTOTYPES = YES;
				CLANG_WARN_SUSPICIOUS_MOVE = YES;
				CLANG_WARN_UNGUARDED_AVAILABILITY = YES_AGGRESSIVE;
				CLANG_WARN_UNREACHABLE_CODE = YES;
				CLANG_WARN__DUPLICATE_METHOD_MATCH = YES;
				CODE_SIGN_IDENTITY = "iPhone Developer";
				COPY_PHASE_STRIP = NO;
				DEBUG_INFORMATION_FORMAT = "dwarf-with-dsym";
				ENABLE_NS_ASSERTIONS = NO;
				ENABLE_STRICT_OBJC_MSGSEND = YES;
				GCC_C_LANGUAGE_STANDARD = gnu11;
				GCC_NO_COMMON_BLOCKS = YES;
				GCC_WARN_64_TO_32_BIT_CONVERSION = YES;
				GCC_WARN_ABOUT_RETURN_TYPE = YES_ERROR;
				GCC_WARN_UNDECLARED_SELECTOR = YES;
				GCC_WARN_UNINITIALIZED_AUTOS = YES_AGGRESSIVE;
				GCC_WARN_UNUSED_FUNCTION = YES;
				GCC_WARN_UNUSED_VARIABLE = YES;
				IPHONEOS_DEPLOYMENT_TARGET = 11.1;
				MTL_ENABLE_DEBUG_INFO = NO;
				SDKROOT = iphoneos;
				VALIDATE_PRODUCT = YES;
			};
			name = Release;
		};
		C41F06F51FBD2CEC00AC378D /* Debug */ = {
			isa = XCBuildConfiguration;
			buildSettings = {
				ASSETCATALOG_COMPILER_APPICON_NAME = AppIcon;
				CODE_SIGN_STYLE = Automatic;
				INFOPLIST_FILE = Utilities/Info.plist;
				LD_RUNPATH_SEARCH_PATHS = "$(inherited) @executable_path/Frameworks";
				PRODUCT_BUNDLE_IDENTIFIER = com.framgia.dungkv.Utilities;
				PRODUCT_NAME = "$(TARGET_NAME)";
				TARGETED_DEVICE_FAMILY = "1,2";
			};
			name = Debug;
		};
		C41F06F61FBD2CEC00AC378D /* Release */ = {
			isa = XCBuildConfiguration;
			buildSettings = {
				ASSETCATALOG_COMPILER_APPICON_NAME = AppIcon;
				CODE_SIGN_STYLE = Automatic;
				INFOPLIST_FILE = Utilities/Info.plist;
				LD_RUNPATH_SEARCH_PATHS = "$(inherited) @executable_path/Frameworks";
				PRODUCT_BUNDLE_IDENTIFIER = com.framgia.dungkv.Utilities;
				PRODUCT_NAME = "$(TARGET_NAME)";
				TARGETED_DEVICE_FAMILY = "1,2";
			};
			name = Release;
		};
/* End XCBuildConfiguration section */

/* Begin XCConfigurationList section */
		C41F06D91FBD2CEC00AC378D /* Build configuration list for PBXProject "Utilities" */ = {
			isa = XCConfigurationList;
			buildConfigurations = (
				C41F06F21FBD2CEC00AC378D /* Debug */,
				C41F06F31FBD2CEC00AC378D /* Release */,
			);
			defaultConfigurationIsVisible = 0;
			defaultConfigurationName = Release;
		};
		C41F06F41FBD2CEC00AC378D /* Build configuration list for PBXNativeTarget "Utilities" */ = {
			isa = XCConfigurationList;
			buildConfigurations = (
				C41F06F51FBD2CEC00AC378D /* Debug */,
				C41F06F61FBD2CEC00AC378D /* Release */,
			);
			defaultConfigurationIsVisible = 0;
			defaultConfigurationName = Release;
		};
/* End XCConfigurationList section */
	};
	rootObject = C41F06D61FBD2CEC00AC378D /* Project object */;
}
